Microsoft Visual Studio Solution File, Format Version 12.00
# Visual Studio Version 17
VisualStudioVersion = 17.5.2.0
MinimumVisualStudioVersion = 10.0.40219.1
Project("{FAE04EC0-301F-11D3-BF4B-00C04F79EFBC}") = "EpubTrans", "EpubTrans.csproj", "{ACD85602-CE82-E909-0313-63F27F5749DB}"
EndProject
Global
	GlobalSection(SolutionConfigurationPlatforms) = preSolution
		Debug|Any CPU = Debug|Any CPU
		Release|Any CPU = Release|Any CPU
	EndGlobalSection
	GlobalSection(ProjectConfigurationPlatforms) = postSolution
		{ACD85602-CE82-E909-0313-63F27F5749DB}.Debug|Any CPU.ActiveCfg = Debug|Any CPU
		{ACD85602-CE82-E909-0313-63F27F5749DB}.Debug|Any CPU.Build.0 = Debug|Any CPU
		{ACD85602-CE82-E909-0313-63F27F5749DB}.Release|Any CPU.ActiveCfg = Release|Any CPU
		{ACD85602-CE82-E909-0313-63F27F5749DB}.Release|Any CPU.Build.0 = Release|Any CPU
	EndGlobalSection
	GlobalSection(SolutionProperties) = preSolution
		HideSolutionNode = FALSE
	EndGlobalSection
	GlobalSection(ExtensibilityGlobals) = postSolution
		SolutionGuid = {0A886697-A339-49B4-A078-F0DB7A6CC3CC}
	EndGlobalSection
EndGlobal
